{
  "name": "nej-webpack-demo",
  "version": "1.0.0",
  "lockfileVersion": 1,
  "requires": true,
  "dependencies": {
    "regularjs": {
      "version": "0.6.2",
      "resolved": "https://registry.npmjs.org/regularjs/-/regularjs-0.6.2.tgz",
      "integrity": "sha512-MA9vUwTQVxDF7E3/uO0oRCS6ZCfeQ6hMu5rh+/vzJkKFyLDfq1QgKHUPxY9hkKV4f9IJkyv6sCz/MCjLMO73Cg=="
    }
  }
}
